
Microsoft Visual Studio Solution File, Format Version 12.00
# Visual Studio Version 17
VisualStudioVersion = 17.0.32014.148
MinimumVisualStudioVersion = 10.0.40219.1
Project("{FAE04EC0-301F-11D3-BF4B-00C04F79EFBC}") = "CarRent", "CarRent\CarRent.csproj", "{EFC7B66D-C344-4C3C-89C7-4E0A66D601F1}"
EndProject
Global
	GlobalSection(SolutionConfigurationPlatforms) = preSolution
		Debug|Any CPU = Debug|Any CPU
		Release|Any CPU = Release|Any CPU
	EndGlobalSection
	GlobalSection(ProjectConfigurationPlatforms) = postSolution
		{EFC7B66D-C344-4C3C-89C7-4E0A66D601F1}.Debug|Any CPU.ActiveCfg = Debug|Any CPU
		{EFC7B66D-C344-4C3C-89C7-4E0A66D601F1}.Debug|Any CPU.Build.0 = Debug|Any CPU
		{EFC7B66D-C344-4C3C-89C7-4E0A66D601F1}.Release|Any CPU.ActiveCfg = Release|Any CPU
		{EFC7B66D-C344-4C3C-89C7-4E0A66D601F1}.Release|Any CPU.Build.0 = Release|Any CPU
	EndGlobalSection
	GlobalSection(SolutionProperties) = preSolution
		HideSolutionNode = FALSE
	EndGlobalSection
	GlobalSection(ExtensibilityGlobals) = postSolution
		SolutionGuid = {D293E0B8-3167-4CBE-A641-37C14C672C4E}
	EndGlobalSection
EndGlobal
